
Microsoft Visual Studio Solution File, Format Version 12.00
# Visual Studio Version 16
VisualStudioVersion = 16.0.29709.97
MinimumVisualStudioVersion = 10.0.40219.1
Project("{FAE04EC0-301F-11D3-BF4B-00C04F79EFBC}") = "MyTestDateTime", "MyTestDateTime\MyTestDateTime.csproj", "{DB5716FA-5DC4-403F-973C-7FFE05DCFFBE}"
EndProject
Global
	GlobalSection(SolutionConfigurationPlatforms) = preSolution
		Debug|Any CPU = Debug|Any CPU
		Release|Any CPU = Release|Any CPU
	EndGlobalSection
	GlobalSection(ProjectConfigurationPlatforms) = postSolution
		{DB5716FA-5DC4-403F-973C-7FFE05DCFFBE}.Debug|Any CPU.ActiveCfg = Debug|Any CPU
		{DB5716FA-5DC4-403F-973C-7FFE05DCFFBE}.Debug|Any CPU.Build.0 = Debug|Any CPU
		{DB5716FA-5DC4-403F-973C-7FFE05DCFFBE}.Release|Any CPU.ActiveCfg = Release|Any CPU
		{DB5716FA-5DC4-403F-973C-7FFE05DCFFBE}.Release|Any CPU.Build.0 = Release|Any CPU
	EndGlobalSection
	GlobalSection(SolutionProperties) = preSolution
		HideSolutionNode = FALSE
	EndGlobalSection
	GlobalSection(ExtensibilityGlobals) = postSolution
		SolutionGuid = {5EDE81D4-E52A-4964-B013-01A34FBB85CF}
	EndGlobalSection
EndGlobal
